// !$*UTF8*$!
{
	archiveVersion = 1;
	classes = {
	};
	objectVersion = 56;
	objects = {

/* Begin PBXBuildFile section */
		06180D372A5055640052D1B3 /* WebSearch.storyboard in Resources */ = {isa = PBXBuildFile; fileRef = 06180D362A5055640052D1B3 /* WebSearch.storyboard */; };
		06180D3A2A5055C40052D1B3 /* WebSearchViewController.swift in Sources */ = {isa = PBXBuildFile; fileRef = 06180D392A5055C40052D1B3 /* WebSearchViewController.swift */; };
		06180D3E2A50788F0052D1B3 /* Constants.swift in Sources */ = {isa = PBXBuildFile; fileRef = 06180D3D2A50788F0052D1B3 /* Constants.swift */; };
		06180D412A507C080052D1B3 /* SeasonButton.swift in Sources */ = {isa = PBXBuildFile; fileRef = 06180D402A507C080052D1B3 /* SeasonButton.swift */; };
		06180D432A508EC80052D1B3 /* UIColor+HexColor.swift in Sources */ = {isa = PBXBuildFile; fileRef = 06180D422A508EC80052D1B3 /* UIColor+HexColor.swift */; };
		062554232A5EC8D600AEF4F5 /* Food.swift in Sources */ = {isa = PBXBuildFile; fileRef = 062554222A5EC8D600AEF4F5 /* Food.swift */; };
		062554262A60338000AEF4F5 /* FoodsRawData.swift in Sources */ = {isa = PBXBuildFile; fileRef = 062554252A60338000AEF4F5 /* FoodsRawData.swift */; };
		062554282A6036BE00AEF4F5 /* FoodBrain.swift in Sources */ = {isa = PBXBuildFile; fileRef = 062554272A6036BE00AEF4F5 /* FoodBrain.swift */; };
		0625542A2A61905500AEF4F5 /* DateFormatter+MonthName.swift in Sources */ = {isa = PBXBuildFile; fileRef = 062554292A61905500AEF4F5 /* DateFormatter+MonthName.swift */; };
		06515F8C2A78035100772B08 /* UIView+IBInspectable.swift in Sources */ = {isa = PBXBuildFile; fileRef = 06515F8B2A78035100772B08 /* UIView+IBInspectable.swift */; };
		06A3212F2A504BB300F1B4C2 /* AppDelegate.swift in Sources */ = {isa = PBXBuildFile; fileRef = 06A3212E2A504BB300F1B4C2 /* AppDelegate.swift */; };
		06A321312A504BB300F1B4C2 /* SceneDelegate.swift in Sources */ = {isa = PBXBuildFile; fileRef = 06A321302A504BB300F1B4C2 /* SceneDelegate.swift */; };
		06A321362A504BB300F1B4C2 /* Main.storyboard in Resources */ = {isa = PBXBuildFile; fileRef = 06A321342A504BB300F1B4C2 /* Main.storyboard */; };
		06A321382A504BB600F1B4C2 /* Assets.xcassets in Resources */ = {isa = PBXBuildFile; fileRef = 06A321372A504BB600F1B4C2 /* Assets.xcassets */; };
		06A3213B2A504BB600F1B4C2 /* LaunchScreen.storyboard in Resources */ = {isa = PBXBuildFile; fileRef = 06A321392A504BB600F1B4C2 /* LaunchScreen.storyboard */; };
		06A321432A504E1C00F1B4C2 /* MonthPicker.storyboard in Resources */ = {isa = PBXBuildFile; fileRef = 06A321422A504E1C00F1B4C2 /* MonthPicker.storyboard */; };
		06A3214C2A50517E00F1B4C2 /* SlotCell.swift in Sources */ = {isa = PBXBuildFile; fileRef = 06A3214A2A50517E00F1B4C2 /* SlotCell.swift */; };
		06A3214D2A50517E00F1B4C2 /* SlotCell.xib in Resources */ = {isa = PBXBuildFile; fileRef = 06A3214B2A50517E00F1B4C2 /* SlotCell.xib */; };
		06A321572A50539200F1B4C2 /* SlotViewController.swift in Sources */ = {isa = PBXBuildFile; fileRef = 06A321562A50539200F1B4C2 /* SlotViewController.swift */; };
		06A321592A5054B100F1B4C2 /* MonthPickerViewController.swift in Sources */ = {isa = PBXBuildFile; fileRef = 06A321582A5054B100F1B4C2 /* MonthPickerViewController.swift */; };
		06E13A0B2A7CD49F0084788E /* PlusButtonCell.swift in Sources */ = {isa = PBXBuildFile; fileRef = 06E13A0A2A7CD49F0084788E /* PlusButtonCell.swift */; };
/* End PBXBuildFile section */

/* Begin PBXFileReference section */
		06180D362A5055640052D1B3 /* WebSearch.storyboard */ = {isa = PBXFileReference; lastKnownFileType = file.storyboard; path = WebSearch.storyboard; sourceTree = "<group>"; };
		06180D392A5055C40052D1B3 /* WebSearchViewController.swift */ = {isa = PBXFileReference; lastKnownFileType = sourcecode.swift; path = WebSearchViewController.swift; sourceTree = "<group>"; };
		06180D3D2A50788F0052D1B3 /* Constants.swift */ = {isa = PBXFileReference; lastKnownFileType = sourcecode.swift; path = Constants.swift; sourceTree = "<group>"; };
		06180D402A507C080052D1B3 /* SeasonButton.swift */ = {isa = PBXFileReference; lastKnownFileType = sourcecode.swift; path = SeasonButton.swift; sourceTree = "<group>"; };
		06180D422A508EC80052D1B3 /* UIColor+HexColor.swift */ = {isa = PBXFileReference; lastKnownFileType = sourcecode.swift; path = "UIColor+HexColor.swift"; sourceTree = "<group>"; };
		062554222A5EC8D600AEF4F5 /* Food.swift */ = {isa = PBXFileReference; lastKnownFileType = sourcecode.swift; path = Food.swift; sourceTree = "<group>"; };
		062554252A60338000AEF4F5 /* FoodsRawData.swift */ = {isa = PBXFileReference; lastKnownFileType = sourcecode.swift; path = FoodsRawData.swift; sourceTree = "<group>"; };
		062554272A6036BE00AEF4F5 /* FoodBrain.swift */ = {isa = PBXFileReference; lastKnownFileType = sourcecode.swift; path = FoodBrain.swift; sourceTree = "<group>"; };
		062554292A61905500AEF4F5 /* DateFormatter+MonthName.swift */ = {isa = PBXFileReference; lastKnownFileType = sourcecode.swift; path = "DateFormatter+MonthName.swift"; sourceTree = "<group>"; };
		06515F8B2A78035100772B08 /* UIView+IBInspectable.swift */ = {isa = PBXFileReference; lastKnownFileType = sourcecode.swift; path = "UIView+IBInspectable.swift"; sourceTree = "<group>"; };
		06A3212B2A504BB300F1B4C2 /* FoodQuartet-Kit.app */ = {isa = PBXFileReference; explicitFileType = wrapper.application; includeInIndex = 0; path = "FoodQuartet-Kit.app"; sourceTree = BUILT_PRODUCTS_DIR; };
		06A3212E2A504BB300F1B4C2 /* AppDelegate.swift */ = {isa = PBXFileReference; lastKnownFileType = sourcecode.swift; path = AppDelegate.swift; sourceTree = "<group>"; };
		06A321302A504BB300F1B4C2 /* SceneDelegate.swift */ = {isa = PBXFileReference; lastKnownFileType = sourcecode.swift; path = SceneDelegate.swift; sourceTree = "<group>"; };
		06A321352A504BB300F1B4C2 /* Base */ = {isa = PBXFileReference; lastKnownFileType = file.storyboard; name = Base; path = Base.lproj/Main.storyboard; sourceTree = "<group>"; };
		06A321372A504BB600F1B4C2 /* Assets.xcassets */ = {isa = PBXFileReference; lastKnownFileType = folder.assetcatalog; path = Assets.xcassets; sourceTree = "<group>"; };
		06A3213A2A504BB600F1B4C2 /* Base */ = {isa = PBXFileReference; lastKnownFileType = file.storyboard; name = Base; path = Base.lproj/LaunchScreen.storyboard; sourceTree = "<group>"; };
		06A3213C2A504BB600F1B4C2 /* Info.plist */ = {isa = PBXFileReference; lastKnownFileType = text.plist.xml; path = Info.plist; sourceTree = "<group>"; };
		06A321422A504E1C00F1B4C2 /* MonthPicker.storyboard */ = {isa = PBXFileReference; lastKnownFileType = file.storyboard; path = MonthPicker.storyboard; sourceTree = "<group>"; };
		06A3214A2A50517E00F1B4C2 /* SlotCell.swift */ = {isa = PBXFileReference; lastKnownFileType = sourcecode.swift; path = SlotCell.swift; sourceTree = "<group>"; };
		06A3214B2A50517E00F1B4C2 /* SlotCell.xib */ = {isa = PBXFileReference; lastKnownFileType = file.xib; path = SlotCell.xib; sourceTree = "<group>"; };
		06A321562A50539200F1B4C2 /* SlotViewController.swift */ = {isa = PBXFileReference; lastKnownFileType = sourcecode.swift; path = SlotViewController.swift; sourceTree = "<group>"; };
		06A321582A5054B100F1B4C2 /* MonthPickerViewController.swift */ = {isa = PBXFileReference; lastKnownFileType = sourcecode.swift; path = MonthPickerViewController.swift; sourceTree = "<group>"; };
		06E13A0A2A7CD49F0084788E /* PlusButtonCell.swift */ = {isa = PBXFileReference; lastKnownFileType = sourcecode.swift; path = PlusButtonCell.swift; sourceTree = "<group>"; };
/* End PBXFileReference section */

/* Begin PBXFrameworksBuildPhase section */
		06A321282A504BB300F1B4C2 /* Frameworks */ = {
			isa = PBXFrameworksBuildPhase;
			buildActionMask = 2147483647;
			files = (
			);
			runOnlyForDeploymentPostprocessing = 0;
		};
/* End PBXFrameworksBuildPhase section */

/* Begin PBXGroup section */
		06180D382A5055950052D1B3 /* WebSearch */ = {
			isa = PBXGroup;
			children = (
				06180D362A5055640052D1B3 /* WebSearch.storyboard */,
				06180D392A5055C40052D1B3 /* WebSearchViewController.swift */,
			);
			path = WebSearch;
			sourceTree = "<group>";
		};
		06180D3F2A5078960052D1B3 /* Shared */ = {
			isa = PBXGroup;
			children = (
				06180D3D2A50788F0052D1B3 /* Constants.swift */,
				06180D442A508F170052D1B3 /* Extensions */,
			);
			path = Shared;
			sourceTree = "<group>";
		};
		06180D442A508F170052D1B3 /* Extensions */ = {
			isa = PBXGroup;
			children = (
				06515F8B2A78035100772B08 /* UIView+IBInspectable.swift */,
				06180D422A508EC80052D1B3 /* UIColor+HexColor.swift */,
				062554292A61905500AEF4F5 /* DateFormatter+MonthName.swift */,
			);
			path = Extensions;
			sourceTree = "<group>";
		};
		062554242A5EC8DD00AEF4F5 /* Models */ = {
			isa = PBXGroup;
			children = (
				062554252A60338000AEF4F5 /* FoodsRawData.swift */,
				062554222A5EC8D600AEF4F5 /* Food.swift */,
				062554272A6036BE00AEF4F5 /* FoodBrain.swift */,
			);
			path = Models;
			sourceTree = "<group>";
		};
		06A321222A504BB300F1B4C2 = {
			isa = PBXGroup;
			children = (
				06A3212D2A504BB300F1B4C2 /* FoodQuartet-Kit */,
				06A321532A5052D800F1B4C2 /* Resources */,
				06A3212C2A504BB300F1B4C2 /* Products */,
			);
			sourceTree = "<group>";
		};
		06A3212C2A504BB300F1B4C2 /* Products */ = {
			isa = PBXGroup;
			children = (
				06A3212B2A504BB300F1B4C2 /* FoodQuartet-Kit.app */,
			);
			name = Products;
			sourceTree = "<group>";
		};
		06A3212D2A504BB300F1B4C2 /* FoodQuartet-Kit */ = {
			isa = PBXGroup;
			children = (
				06A3212E2A504BB300F1B4C2 /* AppDelegate.swift */,
				06A321302A504BB300F1B4C2 /* SceneDelegate.swift */,
				062554242A5EC8DD00AEF4F5 /* Models */,
				06A321552A50531E00F1B4C2 /* UI Modules */,
				06180D3F2A5078960052D1B3 /* Shared */,
				06A3213C2A504BB600F1B4C2 /* Info.plist */,
				06A321392A504BB600F1B4C2 /* LaunchScreen.storyboard */,
			);
			path = "FoodQuartet-Kit";
			sourceTree = "<group>";
		};
		06A321502A50526600F1B4C2 /* Slot */ = {
			isa = PBXGroup;
			children = (
				06A321342A504BB300F1B4C2 /* Main.storyboard */,
				06A321562A50539200F1B4C2 /* SlotViewController.swift */,
				06A3214B2A50517E00F1B4C2 /* SlotCell.xib */,
				06A3214A2A50517E00F1B4C2 /* SlotCell.swift */,
				06E13A0A2A7CD49F0084788E /* PlusButtonCell.swift */,
				06180D402A507C080052D1B3 /* SeasonButton.swift */,
			);
			path = Slot;
			sourceTree = "<group>";
		};
		06A321512A50527B00F1B4C2 /* MonthPicker */ = {
			isa = PBXGroup;
			children = (
				06A321422A504E1C00F1B4C2 /* MonthPicker.storyboard */,
				06A321582A5054B100F1B4C2 /* MonthPickerViewController.swift */,
			);
			path = MonthPicker;
			sourceTree = "<group>";
		};
		06A321532A5052D800F1B4C2 /* Resources */ = {
			isa = PBXGroup;
			children = (
				06A321372A504BB600F1B4C2 /* Assets.xcassets */,
			);
			path = Resources;
			sourceTree = "<group>";
		};
		06A321552A50531E00F1B4C2 /* UI Modules */ = {
			isa = PBXGroup;
			children = (
				06A321502A50526600F1B4C2 /* Slot */,
				06A321512A50527B00F1B4C2 /* MonthPicker */,
				06180D382A5055950052D1B3 /* WebSearch */,
			);
			path = "UI Modules";
			sourceTree = "<group>";
		};
/* End PBXGroup section */

/* Begin PBXNativeTarget section */
		06A3212A2A504BB300F1B4C2 /* FoodQuartet-Kit */ = {
			isa = PBXNativeTarget;
			buildConfigurationList = 06A3213F2A504BB600F1B4C2 /* Build configuration list for PBXNativeTarget "FoodQuartet-Kit" */;
			buildPhases = (
				06A321272A504BB300F1B4C2 /* Sources */,
				06A321282A504BB300F1B4C2 /* Frameworks */,
				06A321292A504BB300F1B4C2 /* Resources */,
			);
			buildRules = (
			);
			dependencies = (
			);
			name = "FoodQuartet-Kit";
			productName = "FoodQuartet-Kit";
			productReference = 06A3212B2A504BB300F1B4C2 /* FoodQuartet-Kit.app */;
			productType = "com.apple.product-type.application";
		};
/* End PBXNativeTarget section */

/* Begin PBXProject section */
		06A321232A504BB300F1B4C2 /* Project object */ = {
			isa = PBXProject;
			attributes = {
				BuildIndependentTargetsInParallel = 1;
				LastSwiftUpdateCheck = 1430;
				LastUpgradeCheck = 1430;
				TargetAttributes = {
					06A3212A2A504BB300F1B4C2 = {
						CreatedOnToolsVersion = 14.3.1;
					};
				};
			};
			buildConfigurationList = 06A321262A504BB300F1B4C2 /* Build configuration list for PBXProject "FoodQuartet-Kit" */;
			compatibilityVersion = "Xcode 14.0";
			developmentRegion = en;
			hasScannedForEncodings = 0;
			knownRegions = (
				en,
				Base,
			);
			mainGroup = 06A321222A504BB300F1B4C2;
			productRefGroup = 06A3212C2A504BB300F1B4C2 /* Products */;
			projectDirPath = "";
			projectRoot = "";
			targets = (
				06A3212A2A504BB300F1B4C2 /* FoodQuartet-Kit */,
			);
		};
/* End PBXProject section */

/* Begin PBXResourcesBuildPhase section */
		06A321292A504BB300F1B4C2 /* Resources */ = {
			isa = PBXResourcesBuildPhase;
			buildActionMask = 2147483647;
			files = (
				06180D372A5055640052D1B3 /* WebSearch.storyboard in Resources */,
				06A3213B2A504BB600F1B4C2 /* LaunchScreen.storyboard in Resources */,
				06A3214D2A50517E00F1B4C2 /* SlotCell.xib in Resources */,
				06A321432A504E1C00F1B4C2 /* MonthPicker.storyboard in Resources */,
				06A321382A504BB600F1B4C2 /* Assets.xcassets in Resources */,
				06A321362A504BB300F1B4C2 /* Main.storyboard in Resources */,
			);
			runOnlyForDeploymentPostprocessing = 0;
		};
/* End PBXResourcesBuildPhase section */

/* Begin PBXSourcesBuildPhase section */
		06A321272A504BB300F1B4C2 /* Sources */ = {
			isa = PBXSourcesBuildPhase;
			buildActionMask = 2147483647;
			files = (
				06A321572A50539200F1B4C2 /* SlotViewController.swift in Sources */,
				06180D432A508EC80052D1B3 /* UIColor+HexColor.swift in Sources */,
				062554282A6036BE00AEF4F5 /* FoodBrain.swift in Sources */,
				06A3212F2A504BB300F1B4C2 /* AppDelegate.swift in Sources */,
				06180D412A507C080052D1B3 /* SeasonButton.swift in Sources */,
				06A321312A504BB300F1B4C2 /* SceneDelegate.swift in Sources */,
				06180D3A2A5055C40052D1B3 /* WebSearchViewController.swift in Sources */,
				06A321592A5054B100F1B4C2 /* MonthPickerViewController.swift in Sources */,
				062554232A5EC8D600AEF4F5 /* Food.swift in Sources */,
				06A3214C2A50517E00F1B4C2 /* SlotCell.swift in Sources */,
				06E13A0B2A7CD49F0084788E /* PlusButtonCell.swift in Sources */,
				06515F8C2A78035100772B08 /* UIView+IBInspectable.swift in Sources */,
				062554262A60338000AEF4F5 /* FoodsRawData.swift in Sources */,
				0625542A2A61905500AEF4F5 /* DateFormatter+MonthName.swift in Sources */,
				06180D3E2A50788F0052D1B3 /* Constants.swift in Sources */,
			);
			runOnlyForDeploymentPostprocessing = 0;
		};
/* End PBXSourcesBuildPhase section */

/* Begin PBXVariantGroup section */
		06A321342A504BB300F1B4C2 /* Main.storyboard */ = {
			isa = PBXVariantGroup;
			children = (
				06A321352A504BB300F1B4C2 /* Base */,
			);
			name = Main.storyboard;
			sourceTree = "<group>";
		};
		06A321392A504BB600F1B4C2 /* LaunchScreen.storyboard */ = {
			isa = PBXVariantGroup;
			children = (
				06A3213A2A504BB600F1B4C2 /* Base */,
			);
			name = LaunchScreen.storyboard;
			sourceTree = "<group>";
		};
/* End PBXVariantGroup section */

/* Begin XCBuildConfiguration section */
		06A3213D2A504BB600F1B4C2 /* Debug */ = {
			isa = XCBuildConfiguration;
			buildSettings = {
				ALWAYS_SEARCH_USER_PATHS = NO;
				CLANG_ANALYZER_NONNULL = YES;
				CLANG_ANALYZER_NUMBER_OBJECT_CONVERSION = YES_AGGRESSIVE;
				CLANG_CXX_LANGUAGE_STANDARD = "gnu++20";
				CLANG_ENABLE_MODULES = YES;
				CLANG_ENABLE_OBJC_ARC = YES;
				CLANG_ENABLE_OBJC_WEAK = YES;
				CLANG_WARN_BLOCK_CAPTURE_AUTORELEASING = YES;
				CLANG_WARN_BOOL_CONVERSION = YES;
				CLANG_WARN_COMMA = YES;
				CLANG_WARN_CONSTANT_CONVERSION = YES;
				CLANG_WARN_DEPRECATED_OBJC_IMPLEMENTATIONS = YES;
				CLANG_WARN_DIRECT_OBJC_ISA_USAGE = YES_ERROR;
				CLANG_WARN_DOCUMENTATION_COMMENTS = YES;
				CLANG_WARN_EMPTY_BODY = YES;
				CLANG_WARN_ENUM_CONVERSION = YES;
				CLANG_WARN_INFINITE_RECURSION = YES;
				CLANG_WARN_INT_CONVERSION = YES;
				CLANG_WARN_NON_LITERAL_NULL_CONVERSION = YES;
				CLANG_WARN_OBJC_IMPLICIT_RETAIN_SELF = YES;
				CLANG_WARN_OBJC_LITERAL_CONVERSION = YES;
				CLANG_WARN_OBJC_ROOT_CLASS = YES_ERROR;
				CLANG_WARN_QUOTED_INCLUDE_IN_FRAMEWORK_HEADER = YES;
				CLANG_WARN_RANGE_LOOP_ANALYSIS = YES;
				CLANG_WARN_STRICT_PROTOTYPES = YES;
				CLANG_WARN_SUSPICIOUS_MOVE = YES;
				CLANG_WARN_UNGUARDED_AVAILABILITY = YES_AGGRESSIVE;
				CLANG_WARN_UNREACHABLE_CODE = YES;
				CLANG_WARN__DUPLICATE_METHOD_MATCH = YES;
				COPY_PHASE_STRIP = NO;
				DEBUG_INFORMATION_FORMAT = dwarf;
				ENABLE_STRICT_OBJC_MSGSEND = YES;
				ENABLE_TESTABILITY = YES;
				GCC_C_LANGUAGE_STANDARD = gnu11;
				GCC_DYNAMIC_NO_PIC = NO;
				GCC_NO_COMMON_BLOCKS = YES;
				GCC_OPTIMIZATION_LEVEL = 0;
				GCC_PREPROCESSOR_DEFINITIONS = (
					"DEBUG=1",
					"$(inherited)",
				);
				GCC_WARN_64_TO_32_BIT_CONVERSION = YES;
				GCC_WARN_ABOUT_RETURN_TYPE = YES_ERROR;
				GCC_WARN_UNDECLARED_SELECTOR = YES;
				GCC_WARN_UNINITIALIZED_AUTOS = YES_AGGRESSIVE;
				GCC_WARN_UNUSED_FUNCTION = YES;
				GCC_WARN_UNUSED_VARIABLE = YES;
				IPHONEOS_DEPLOYMENT_TARGET = 15.0;
				MTL_ENABLE_DEBUG_INFO = INCLUDE_SOURCE;
				MTL_FAST_MATH = YES;
				ONLY_ACTIVE_ARCH = YES;
				SDKROOT = iphoneos;
				SWIFT_ACTIVE_COMPILATION_CONDITIONS = DEBUG;
				SWIFT_OPTIMIZATION_LEVEL = "-Onone";
			};
			name = Debug;
		};
		06A3213E2A504BB600F1B4C2 /* Release */ = {
			isa = XCBuildConfiguration;
			buildSettings = {
				ALWAYS_SEARCH_USER_PATHS = NO;
				CLANG_ANALYZER_NONNULL = YES;
				CLANG_ANALYZER_NUMBER_OBJECT_CONVERSION = YES_AGGRESSIVE;
				CLANG_CXX_LANGUAGE_STANDARD = "gnu++20";
				CLANG_ENABLE_MODULES = YES;
				CLANG_ENABLE_OBJC_ARC = YES;
				CLANG_ENABLE_OBJC_WEAK = YES;
				CLANG_WARN_BLOCK_CAPTURE_AUTORELEASING = YES;
				CLANG_WARN_BOOL_CONVERSION = YES;
				CLANG_WARN_COMMA = YES;
				CLANG_WARN_CONSTANT_CONVERSION = YES;
				CLANG_WARN_DEPRECATED_OBJC_IMPLEMENTATIONS = YES;
				CLANG_WARN_DIRECT_OBJC_ISA_USAGE = YES_ERROR;
				CLANG_WARN_DOCUMENTATION_COMMENTS = YES;
				CLANG_WARN_EMPTY_BODY = YES;
				CLANG_WARN_ENUM_CONVERSION = YES;
				CLANG_WARN_INFINITE_RECURSION = YES;
				CLANG_WARN_INT_CONVERSION = YES;
				CLANG_WARN_NON_LITERAL_NULL_CONVERSION = YES;
				CLANG_WARN_OBJC_IMPLICIT_RETAIN_SELF = YES;
				CLANG_WARN_OBJC_LITERAL_CONVERSION = YES;
				CLANG_WARN_OBJC_ROOT_CLASS = YES_ERROR;
				CLANG_WARN_QUOTED_INCLUDE_IN_FRAMEWORK_HEADER = YES;
				CLANG_WARN_RANGE_LOOP_ANALYSIS = YES;
				CLANG_WARN_STRICT_PROTOTYPES = YES;
				CLANG_WARN_SUSPICIOUS_MOVE = YES;
				CLANG_WARN_UNGUARDED_AVAILABILITY = YES_AGGRESSIVE;
				CLANG_WARN_UNREACHABLE_CODE = YES;
				CLANG_WARN__DUPLICATE_METHOD_MATCH = YES;
				COPY_PHASE_STRIP = NO;
				DEBUG_INFORMATION_FORMAT = "dwarf-with-dsym";
				ENABLE_NS_ASSERTIONS = NO;
				ENABLE_STRICT_OBJC_MSGSEND = YES;
				GCC_C_LANGUAGE_STANDARD = gnu11;
				GCC_NO_COMMON_BLOCKS = YES;
				GCC_WARN_64_TO_32_BIT_CONVERSION = YES;
				GCC_WARN_ABOUT_RETURN_TYPE = YES_ERROR;
				GCC_WARN_UNDECLARED_SELECTOR = YES;
				GCC_WARN_UNINITIALIZED_AUTOS = YES_AGGRESSIVE;
				GCC_WARN_UNUSED_FUNCTION = YES;
				GCC_WARN_UNUSED_VARIABLE = YES;
				IPHONEOS_DEPLOYMENT_TARGET = 15.0;
				MTL_ENABLE_DEBUG_INFO = NO;
				MTL_FAST_MATH = YES;
				SDKROOT = iphoneos;
				SWIFT_COMPILATION_MODE = wholemodule;
				SWIFT_OPTIMIZATION_LEVEL = "-O";
				VALIDATE_PRODUCT = YES;
			};
			name = Release;
		};
		06A321402A504BB600F1B4C2 /* Debug */ = {
			isa = XCBuildConfiguration;
			buildSettings = {
				ASSETCATALOG_COMPILER_APPICON_NAME = AppIcon;
				ASSETCATALOG_COMPILER_GLOBAL_ACCENT_COLOR_NAME = AccentColor;
				CODE_SIGN_STYLE = Automatic;
				CURRENT_PROJECT_VERSION = 1;
				DEVELOPMENT_TEAM = VL7Y5QW4C2;
				GENERATE_INFOPLIST_FILE = YES;
				INFOPLIST_FILE = "FoodQuartet-Kit/Info.plist";
				INFOPLIST_KEY_UIApplicationSupportsIndirectInputEvents = YES;
				INFOPLIST_KEY_UILaunchStoryboardName = LaunchScreen;
				INFOPLIST_KEY_UIMainStoryboardFile = Main;
				INFOPLIST_KEY_UISupportedInterfaceOrientations = "UIInterfaceOrientationLandscapeLeft UIInterfaceOrientationLandscapeRight UIInterfaceOrientationPortrait UIInterfaceOrientationPortraitUpsideDown";
				IPHONEOS_DEPLOYMENT_TARGET = 15.0;
				LD_RUNPATH_SEARCH_PATHS = (
					"$(inherited)",
					"@executable_path/Frameworks",
				);
				MARKETING_VERSION = 0.1;
				PRODUCT_BUNDLE_IDENTIFIER = "com.tentendotz.FoodQuartet-Kit";
				PRODUCT_NAME = "$(TARGET_NAME)";
				SWIFT_EMIT_LOC_STRINGS = YES;
				SWIFT_VERSION = 5.0;
				TARGETED_DEVICE_FAMILY = "1,2";
			};
			name = Debug;
		};
		06A321412A504BB600F1B4C2 /* Release */ = {
			isa = XCBuildConfiguration;
			buildSettings = {
				ASSETCATALOG_COMPILER_APPICON_NAME = AppIcon;
				ASSETCATALOG_COMPILER_GLOBAL_ACCENT_COLOR_NAME = AccentColor;
				CODE_SIGN_STYLE = Automatic;
				CURRENT_PROJECT_VERSION = 1;
				DEVELOPMENT_TEAM = VL7Y5QW4C2;
				GENERATE_INFOPLIST_FILE = YES;
				INFOPLIST_FILE = "FoodQuartet-Kit/Info.plist";
				INFOPLIST_KEY_UIApplicationSupportsIndirectInputEvents = YES;
				INFOPLIST_KEY_UILaunchStoryboardName = LaunchScreen;
				INFOPLIST_KEY_UIMainStoryboardFile = Main;
				INFOPLIST_KEY_UISupportedInterfaceOrientations = "UIInterfaceOrientationLandscapeLeft UIInterfaceOrientationLandscapeRight UIInterfaceOrientationPortrait UIInterfaceOrientationPortraitUpsideDown";
				IPHONEOS_DEPLOYMENT_TARGET = 15.0;
				LD_RUNPATH_SEARCH_PATHS = (
					"$(inherited)",
					"@executable_path/Frameworks",
				);
				MARKETING_VERSION = 0.1;
				PRODUCT_BUNDLE_IDENTIFIER = "com.tentendotz.FoodQuartet-Kit";
				PRODUCT_NAME = "$(TARGET_NAME)";
				SWIFT_EMIT_LOC_STRINGS = YES;
				SWIFT_VERSION = 5.0;
				TARGETED_DEVICE_FAMILY = "1,2";
			};
			name = Release;
		};
/* End XCBuildConfiguration section */

/* Begin XCConfigurationList section */
		06A321262A504BB300F1B4C2 /* Build configuration list for PBXProject "FoodQuartet-Kit" */ = {
			isa = XCConfigurationList;
			buildConfigurations = (
				06A3213D2A504BB600F1B4C2 /* Debug */,
				06A3213E2A504BB600F1B4C2 /* Release */,
			);
			defaultConfigurationIsVisible = 0;
			defaultConfigurationName = Release;
		};
		06A3213F2A504BB600F1B4C2 /* Build configuration list for PBXNativeTarget "FoodQuartet-Kit" */ = {
			isa = XCConfigurationList;
			buildConfigurations = (
				06A321402A504BB600F1B4C2 /* Debug */,
				06A321412A504BB600F1B4C2 /* Release */,
			);
			defaultConfigurationIsVisible = 0;
			defaultConfigurationName = Release;
		};
/* End XCConfigurationList section */
	};
	rootObject = 06A321232A504BB300F1B4C2 /* Project object */;
}
